
Microsoft Visual Studio Solution File, Format Version 12.00
# Visual Studio 15
VisualStudioVersion = 15.0.27130.2036
MinimumVisualStudioVersion = 10.0.40219.1
Project("{FAE04EC0-301F-11D3-BF4B-00C04F79EFBC}") = "AreaAndCircumferenceOfCircle", "AreaAndCircumferenceOfCircle\AreaAndCircumferenceOfCircle.csproj", "{3FA34F79-431A-4157-9392-1033F2FDD38C}"
EndProject
Global
	GlobalSection(SolutionConfigurationPlatforms) = preSolution
		Debug|Any CPU = Debug|Any CPU
		Release|Any CPU = Release|Any CPU
	EndGlobalSection
	GlobalSection(ProjectConfigurationPlatforms) = postSolution
		{3FA34F79-431A-4157-9392-1033F2FDD38C}.Debug|Any CPU.ActiveCfg = Debug|Any CPU
		{3FA34F79-431A-4157-9392-1033F2FDD38C}.Debug|Any CPU.Build.0 = Debug|Any CPU
		{3FA34F79-431A-4157-9392-1033F2FDD38C}.Release|Any CPU.ActiveCfg = Release|Any CPU
		{3FA34F79-431A-4157-9392-1033F2FDD38C}.Release|Any CPU.Build.0 = Release|Any CPU
	EndGlobalSection
	GlobalSection(SolutionProperties) = preSolution
		HideSolutionNode = FALSE
	EndGlobalSection
	GlobalSection(ExtensibilityGlobals) = postSolution
		SolutionGuid = {F0D75336-1323-480E-8EA1-D496F76ECE29}
	EndGlobalSection
EndGlobal
